
Microsoft Visual Studio Solution File, Format Version 12.00
# Visual Studio Version 17
VisualStudioVersion = 17.12.35527.113
MinimumVisualStudioVersion = 10.0.40219.1
Project("{2150E333-8FDC-42A3-9474-1A3956D46DE8}") = "Services", "Services", "{C06D26B4-F5F8-4D6E-94FA-6B2ACF2BBF4D}"
EndProject
Project("{2150E333-8FDC-42A3-9474-1A3956D46DE8}") = "Catalog", "Catalog", "{BD6ACA36-58EE-43E4-B2EF-D9564EB02B61}"
EndProject
Project("{FAE04EC0-301F-11D3-BF4B-00C04F79EFBC}") = "Catalog.API", "Services\Catalog\Catalog.API\Catalog.API.csproj", "{11E0E184-2C51-4CC4-903E-5CCA05481FF8}"
EndProject
Project("{2150E333-8FDC-42A3-9474-1A3956D46DE8}") = "BuildingBlocks", "BuildingBlocks", "{B34AE1A5-E1C5-4E2F-8106-CB89EE96B05D}"
EndProject
Project("{FAE04EC0-301F-11D3-BF4B-00C04F79EFBC}") = "BuildingBlocks", "BuildingBlocks\BuildingBlocks\BuildingBlocks.csproj", "{15DFBF31-6C26-427B-A1ED-D16F4B7F28A9}"
EndProject
Project("{E53339B2-1760-4266-BCC7-CA923CBCF16C}") = "docker-compose", "docker-compose.dcproj", "{F33038A6-BDDC-478F-9B38-06A9DF09458C}"
EndProject
Project("{2150E333-8FDC-42A3-9474-1A3956D46DE8}") = "Basket", "Basket", "{D6D100DA-907D-4F22-9E85-C59C29235F7E}"
EndProject
Project("{FAE04EC0-301F-11D3-BF4B-00C04F79EFBC}") = "Basket.API", "Services\Basket\Basket.API\Basket.API.csproj", "{5CD7C0C4-7E85-4376-B60E-815CEE291542}"
EndProject
Project("{2150E333-8FDC-42A3-9474-1A3956D46DE8}") = "Discount", "Discount", "{4AA65256-B7C8-4F2E-95D0-B4AFE3BD96EB}"
EndProject
Project("{FAE04EC0-301F-11D3-BF4B-00C04F79EFBC}") = "Discount.Grpc", "Services\Discount\Discount.Grpc\Discount.Grpc.csproj", "{7DBC1DB7-A658-405E-B742-BCC489538227}"
EndProject
Project("{2150E333-8FDC-42A3-9474-1A3956D46DE8}") = "Ordering", "Ordering", "{F7D19AEA-C874-406C-B459-73734FA940CB}"
EndProject
Project("{FAE04EC0-301F-11D3-BF4B-00C04F79EFBC}") = "Ordering.API", "Services\Ordering\Ordering.API\Ordering.API.csproj", "{A8F048EF-BEA3-4F12-B8C5-1A2FB1D69CD4}"
EndProject
Project("{FAE04EC0-301F-11D3-BF4B-00C04F79EFBC}") = "Ordering.Domain", "Services\Ordering\Ordering.Domain\Ordering.Domain.csproj", "{24539D5E-6B61-42E5-9CB9-F0AB5148B5A9}"
EndProject
Project("{FAE04EC0-301F-11D3-BF4B-00C04F79EFBC}") = "Ordering.Application", "Services\Ordering\Ordering.Application\Ordering.Application.csproj", "{A7ED32E9-FD1B-455D-840D-1288959BFEDC}"
EndProject
Project("{FAE04EC0-301F-11D3-BF4B-00C04F79EFBC}") = "Ordering.Infrastructure", "Services\Ordering\Ordering.Infrastructure\Ordering.Infrastructure.csproj", "{294EAF66-2332-445F-95C7-848A43FAAD61}"
EndProject
Project("{FAE04EC0-301F-11D3-BF4B-00C04F79EFBC}") = "BuildingBlocks.Messaging", "BuildingBlocks\BuildingBlocks.Messaging\BuildingBlocks.Messaging.csproj", "{0993B55B-02EF-470B-A16D-4C31E5DB4F76}"
EndProject
Project("{2150E333-8FDC-42A3-9474-1A3956D46DE8}") = "ApiGateways", "ApiGateways", "{BA8B6503-BB07-4068-96E7-22C639E68CDB}"
EndProject
Project("{FAE04EC0-301F-11D3-BF4B-00C04F79EFBC}") = "YarpApiGateway", "ApiGateways\YarpApiGateway\YarpApiGateway.csproj", "{D84A274B-3C49-4D8D-BDB2-D5117BDC15A1}"
EndProject
Global
	GlobalSection(SolutionConfigurationPlatforms) = preSolution
		Debug|Any CPU = Debug|Any CPU
		Release|Any CPU = Release|Any CPU
	EndGlobalSection
	GlobalSection(ProjectConfigurationPlatforms) = postSolution
		{11E0E184-2C51-4CC4-903E-5CCA05481FF8}.Debug|Any CPU.ActiveCfg = Debug|Any CPU
		{11E0E184-2C51-4CC4-903E-5CCA05481FF8}.Debug|Any CPU.Build.0 = Debug|Any CPU
		{11E0E184-2C51-4CC4-903E-5CCA05481FF8}.Release|Any CPU.ActiveCfg = Release|Any CPU
		{11E0E184-2C51-4CC4-903E-5CCA05481FF8}.Release|Any CPU.Build.0 = Release|Any CPU
		{15DFBF31-6C26-427B-A1ED-D16F4B7F28A9}.Debug|Any CPU.ActiveCfg = Debug|Any CPU
		{15DFBF31-6C26-427B-A1ED-D16F4B7F28A9}.Debug|Any CPU.Build.0 = Debug|Any CPU
		{15DFBF31-6C26-427B-A1ED-D16F4B7F28A9}.Release|Any CPU.ActiveCfg = Release|Any CPU
		{15DFBF31-6C26-427B-A1ED-D16F4B7F28A9}.Release|Any CPU.Build.0 = Release|Any CPU
		{F33038A6-BDDC-478F-9B38-06A9DF09458C}.Debug|Any CPU.ActiveCfg = Debug|Any CPU
		{F33038A6-BDDC-478F-9B38-06A9DF09458C}.Debug|Any CPU.Build.0 = Debug|Any CPU
		{F33038A6-BDDC-478F-9B38-06A9DF09458C}.Release|Any CPU.ActiveCfg = Release|Any CPU
		{F33038A6-BDDC-478F-9B38-06A9DF09458C}.Release|Any CPU.Build.0 = Release|Any CPU
		{5CD7C0C4-7E85-4376-B60E-815CEE291542}.Debug|Any CPU.ActiveCfg = Debug|Any CPU
		{5CD7C0C4-7E85-4376-B60E-815CEE291542}.Debug|Any CPU.Build.0 = Debug|Any CPU
		{5CD7C0C4-7E85-4376-B60E-815CEE291542}.Release|Any CPU.ActiveCfg = Release|Any CPU
		{5CD7C0C4-7E85-4376-B60E-815CEE291542}.Release|Any CPU.Build.0 = Release|Any CPU
		{7DBC1DB7-A658-405E-B742-BCC489538227}.Debug|Any CPU.ActiveCfg = Debug|Any CPU
		{7DBC1DB7-A658-405E-B742-BCC489538227}.Debug|Any CPU.Build.0 = Debug|Any CPU
		{7DBC1DB7-A658-405E-B742-BCC489538227}.Release|Any CPU.ActiveCfg = Release|Any CPU
		{7DBC1DB7-A658-405E-B742-BCC489538227}.Release|Any CPU.Build.0 = Release|Any CPU
		{A8F048EF-BEA3-4F12-B8C5-1A2FB1D69CD4}.Debug|Any CPU.ActiveCfg = Debug|Any CPU
		{A8F048EF-BEA3-4F12-B8C5-1A2FB1D69CD4}.Debug|Any CPU.Build.0 = Debug|Any CPU
		{A8F048EF-BEA3-4F12-B8C5-1A2FB1D69CD4}.Release|Any CPU.ActiveCfg = Release|Any CPU
		{A8F048EF-BEA3-4F12-B8C5-1A2FB1D69CD4}.Release|Any CPU.Build.0 = Release|Any CPU
		{24539D5E-6B61-42E5-9CB9-F0AB5148B5A9}.Debug|Any CPU.ActiveCfg = Debug|Any CPU
		{24539D5E-6B61-42E5-9CB9-F0AB5148B5A9}.Debug|Any CPU.Build.0 = Debug|Any CPU
		{24539D5E-6B61-42E5-9CB9-F0AB5148B5A9}.Release|Any CPU.ActiveCfg = Release|Any CPU
		{24539D5E-6B61-42E5-9CB9-F0AB5148B5A9}.Release|Any CPU.Build.0 = Release|Any CPU
		{A7ED32E9-FD1B-455D-840D-1288959BFEDC}.Debug|Any CPU.ActiveCfg = Debug|Any CPU
		{A7ED32E9-FD1B-455D-840D-1288959BFEDC}.Debug|Any CPU.Build.0 = Debug|Any CPU
		{A7ED32E9-FD1B-455D-840D-1288959BFEDC}.Release|Any CPU.ActiveCfg = Release|Any CPU
		{A7ED32E9-FD1B-455D-840D-1288959BFEDC}.Release|Any CPU.Build.0 = Release|Any CPU
		{294EAF66-2332-445F-95C7-848A43FAAD61}.Debug|Any CPU.ActiveCfg = Debug|Any CPU
		{294EAF66-2332-445F-95C7-848A43FAAD61}.Debug|Any CPU.Build.0 = Debug|Any CPU
		{294EAF66-2332-445F-95C7-848A43FAAD61}.Release|Any CPU.ActiveCfg = Release|Any CPU
		{294EAF66-2332-445F-95C7-848A43FAAD61}.Release|Any CPU.Build.0 = Release|Any CPU
		{0993B55B-02EF-470B-A16D-4C31E5DB4F76}.Debug|Any CPU.ActiveCfg = Debug|Any CPU
		{0993B55B-02EF-470B-A16D-4C31E5DB4F76}.Debug|Any CPU.Build.0 = Debug|Any CPU
		{0993B55B-02EF-470B-A16D-4C31E5DB4F76}.Release|Any CPU.ActiveCfg = Release|Any CPU
		{0993B55B-02EF-470B-A16D-4C31E5DB4F76}.Release|Any CPU.Build.0 = Release|Any CPU
		{D84A274B-3C49-4D8D-BDB2-D5117BDC15A1}.Debug|Any CPU.ActiveCfg = Debug|Any CPU
		{D84A274B-3C49-4D8D-BDB2-D5117BDC15A1}.Debug|Any CPU.Build.0 = Debug|Any CPU
		{D84A274B-3C49-4D8D-BDB2-D5117BDC15A1}.Release|Any CPU.ActiveCfg = Release|Any CPU
		{D84A274B-3C49-4D8D-BDB2-D5117BDC15A1}.Release|Any CPU.Build.0 = Release|Any CPU
	EndGlobalSection
	GlobalSection(SolutionProperties) = preSolution
		HideSolutionNode = FALSE
	EndGlobalSection
	GlobalSection(NestedProjects) = preSolution
		{BD6ACA36-58EE-43E4-B2EF-D9564EB02B61} = {C06D26B4-F5F8-4D6E-94FA-6B2ACF2BBF4D}
		{11E0E184-2C51-4CC4-903E-5CCA05481FF8} = {BD6ACA36-58EE-43E4-B2EF-D9564EB02B61}
		{15DFBF31-6C26-427B-A1ED-D16F4B7F28A9} = {B34AE1A5-E1C5-4E2F-8106-CB89EE96B05D}
		{D6D100DA-907D-4F22-9E85-C59C29235F7E} = {C06D26B4-F5F8-4D6E-94FA-6B2ACF2BBF4D}
		{5CD7C0C4-7E85-4376-B60E-815CEE291542} = {D6D100DA-907D-4F22-9E85-C59C29235F7E}
		{4AA65256-B7C8-4F2E-95D0-B4AFE3BD96EB} = {C06D26B4-F5F8-4D6E-94FA-6B2ACF2BBF4D}
		{7DBC1DB7-A658-405E-B742-BCC489538227} = {4AA65256-B7C8-4F2E-95D0-B4AFE3BD96EB}
		{F7D19AEA-C874-406C-B459-73734FA940CB} = {C06D26B4-F5F8-4D6E-94FA-6B2ACF2BBF4D}
		{A8F048EF-BEA3-4F12-B8C5-1A2FB1D69CD4} = {F7D19AEA-C874-406C-B459-73734FA940CB}
		{24539D5E-6B61-42E5-9CB9-F0AB5148B5A9} = {F7D19AEA-C874-406C-B459-73734FA940CB}
		{A7ED32E9-FD1B-455D-840D-1288959BFEDC} = {F7D19AEA-C874-406C-B459-73734FA940CB}
		{294EAF66-2332-445F-95C7-848A43FAAD61} = {F7D19AEA-C874-406C-B459-73734FA940CB}
		{0993B55B-02EF-470B-A16D-4C31E5DB4F76} = {B34AE1A5-E1C5-4E2F-8106-CB89EE96B05D}
		{D84A274B-3C49-4D8D-BDB2-D5117BDC15A1} = {BA8B6503-BB07-4068-96E7-22C639E68CDB}
	EndGlobalSection
EndGlobal
